// !$*UTF8*$!
{
	archiveVersion = 1;
	classes = {
	};
	objectVersion = 46;
	objects = {

/* Begin PBXBuildFile section */
		2A015ED41AD10F4600C0DFA4 /* ramcom.realm in Resources */ = {isa = PBXBuildFile; fileRef = 2A015ED31AD10F4600C0DFA4 /* ramcom.realm */; };
		2A015ED71AD22E9400C0DFA4 /* NSString+Japanese.m in Sources */ = {isa = PBXBuildFile; fileRef = 2A015ED61AD22E9400C0DFA4 /* NSString+Japanese.m */; };
		2A11B2941A9981CD0048B6B4 /* libc++.dylib in Frameworks */ = {isa = PBXBuildFile; fileRef = 2A11B2931A9981CD0048B6B4 /* libc++.dylib */; };
		2A70FFE41AD529900032103B /* PopButton.swift in Sources */ = {isa = PBXBuildFile; fileRef = 2A70FFE31AD529900032103B /* PopButton.swift */; };
		2A787BEF1A95CA420069C0B1 /* MapKit.framework in Frameworks */ = {isa = PBXBuildFile; fileRef = 2A787BEE1A95CA420069C0B1 /* MapKit.framework */; };
		2A787BF11A95CA4A0069C0B1 /* CoreLocation.framework in Frameworks */ = {isa = PBXBuildFile; fileRef = 2A787BF01A95CA4A0069C0B1 /* CoreLocation.framework */; };
		2A7B59FE1AC8036A00304550 /* ApiKeys.plist in Resources */ = {isa = PBXBuildFile; fileRef = 2A7B59FC1AC8036A00304550 /* ApiKeys.plist */; };
		2A7B5A0B1AC8039800304550 /* ApiKeys.swift in Sources */ = {isa = PBXBuildFile; fileRef = 2A7B5A021AC8039800304550 /* ApiKeys.swift */; };
		2A7B5A0C1AC8039800304550 /* AppDelegate.swift in Sources */ = {isa = PBXBuildFile; fileRef = 2A7B5A031AC8039800304550 /* AppDelegate.swift */; };
		2A7B5A0D1AC8039800304550 /* CompassViewController.swift in Sources */ = {isa = PBXBuildFile; fileRef = 2A7B5A041AC8039800304550 /* CompassViewController.swift */; };
		2A7B5A0E1AC8039800304550 /* Images.xcassets in Resources */ = {isa = PBXBuildFile; fileRef = 2A7B5A051AC8039800304550 /* Images.xcassets */; };
		2A7B5A0F1AC8039800304550 /* CompassMapViewController.swift in Sources */ = {isa = PBXBuildFile; fileRef = 2A7B5A061AC8039800304550 /* CompassMapViewController.swift */; };
		2A7B5A101AC8039800304550 /* Ramen.swift in Sources */ = {isa = PBXBuildFile; fileRef = 2A7B5A071AC8039800304550 /* Ramen.swift */; };
		2A7B5A111AC8039800304550 /* RamenAnnotation.swift in Sources */ = {isa = PBXBuildFile; fileRef = 2A7B5A081AC8039800304550 /* RamenAnnotation.swift */; };
		2A7B5A181AC8041800304550 /* LaunchScreen.xib in Resources */ = {isa = PBXBuildFile; fileRef = 2A7B5A141AC8041800304550 /* LaunchScreen.xib */; };
		2A7B5A191AC8041800304550 /* Main.storyboard in Resources */ = {isa = PBXBuildFile; fileRef = 2A7B5A161AC8041800304550 /* Main.storyboard */; };
		2AAEAF8D1AD6BAF400267F26 /* Foursquare.swift in Sources */ = {isa = PBXBuildFile; fileRef = 2AAEAF8C1AD6BAF400267F26 /* Foursquare.swift */; };
		2ADB4F031B0903B3001213D4 /* MasterViewController.swift in Sources */ = {isa = PBXBuildFile; fileRef = 2ADB4F021B0903B3001213D4 /* MasterViewController.swift */; };
		2ADB4F051B0927D6001213D4 /* DetailViewController.swift in Sources */ = {isa = PBXBuildFile; fileRef = 2ADB4F041B0927D6001213D4 /* DetailViewController.swift */; };
		2AF75DB41AC8575A0063DF90 /* HouschkaAltMedium.ttf in Resources */ = {isa = PBXBuildFile; fileRef = 2A7B59FB1AC8035200304550 /* HouschkaAltMedium.ttf */; };
		2AF75DB51AC8575F0063DF90 /* HouschkaAltLight.ttf in Resources */ = {isa = PBXBuildFile; fileRef = 2A7B59FA1AC8035200304550 /* HouschkaAltLight.ttf */; };
		2AF75DB61AC857630063DF90 /* HouschkaAltHeavy.ttf in Resources */ = {isa = PBXBuildFile; fileRef = 2A7B59F91AC8035200304550 /* HouschkaAltHeavy.ttf */; };
		DC7B7EB4753ED08B36003133 /* Pods.framework in Frameworks */ = {isa = PBXBuildFile; fileRef = 10FE1E7B5DCEA4B2BB116B6F /* Pods.framework */; settings = {ATTRIBUTES = (Weak, ); }; };
		ED91AFB0A033F8EDEFFA4DA2 /* Pods_RamenCompass.framework in Frameworks */ = {isa = PBXBuildFile; fileRef = F139DDC8491ACC806832F618 /* Pods_RamenCompass.framework */; settings = {ATTRIBUTES = (Weak, ); }; };
/* End PBXBuildFile section */

/* Begin PBXContainerItemProxy section */
		2AB7CB2A1A95B8DE003EE308 /* PBXContainerItemProxy */ = {
			isa = PBXContainerItemProxy;
			containerPortal = 2AB7CB0C1A95B8DE003EE308 /* Project object */;
			proxyType = 1;
			remoteGlobalIDString = 2AB7CB131A95B8DE003EE308;
			remoteInfo = "Ramen Compass";
		};
/* End PBXContainerItemProxy section */

/* Begin PBXFileReference section */
		10FE1E7B5DCEA4B2BB116B6F /* Pods.framework */ = {isa = PBXFileReference; explicitFileType = wrapper.framework; includeInIndex = 0; path = Pods.framework; sourceTree = BUILT_PRODUCTS_DIR; };
		2A015ED31AD10F4600C0DFA4 /* ramcom.realm */ = {isa = PBXFileReference; lastKnownFileType = file; name = ramcom.realm; path = RamenCompass/ramcom.realm; sourceTree = SOURCE_ROOT; };
		2A015ED51AD22E9400C0DFA4 /* NSString+Japanese.h */ = {isa = PBXFileReference; fileEncoding = 4; lastKnownFileType = sourcecode.c.h; name = "NSString+Japanese.h"; path = "RamenCompass/NSString+Japanese.h"; sourceTree = SOURCE_ROOT; };
		2A015ED61AD22E9400C0DFA4 /* NSString+Japanese.m */ = {isa = PBXFileReference; fileEncoding = 4; lastKnownFileType = sourcecode.c.objc; name = "NSString+Japanese.m"; path = "RamenCompass/NSString+Japanese.m"; sourceTree = SOURCE_ROOT; };
		2A11B2931A9981CD0048B6B4 /* libc++.dylib */ = {isa = PBXFileReference; lastKnownFileType = "compiled.mach-o.dylib"; name = "libc++.dylib"; path = "usr/lib/libc++.dylib"; sourceTree = SDKROOT; };
		2A5748EE1ACFFBD9003C66EC /* RamenCompass-Bridging-Header.h */ = {isa = PBXFileReference; lastKnownFileType = sourcecode.c.h; name = "RamenCompass-Bridging-Header.h"; path = "RamenCompass/RamenCompass-Bridging-Header.h"; sourceTree = SOURCE_ROOT; };
		2A70FFE31AD529900032103B /* PopButton.swift */ = {isa = PBXFileReference; fileEncoding = 4; lastKnownFileType = sourcecode.swift; name = PopButton.swift; path = RamenCompass/PopButton.swift; sourceTree = SOURCE_ROOT; };
		2A787BEE1A95CA420069C0B1 /* MapKit.framework */ = {isa = PBXFileReference; lastKnownFileType = wrapper.framework; name = MapKit.framework; path = System/Library/Frameworks/MapKit.framework; sourceTree = SDKROOT; };
		2A787BF01A95CA4A0069C0B1 /* CoreLocation.framework */ = {isa = PBXFileReference; lastKnownFileType = wrapper.framework; name = CoreLocation.framework; path = System/Library/Frameworks/CoreLocation.framework; sourceTree = SDKROOT; };
		2A7B59F91AC8035200304550 /* HouschkaAltHeavy.ttf */ = {isa = PBXFileReference; lastKnownFileType = file; name = HouschkaAltHeavy.ttf; path = RamenCompass/HouschkaAltHeavy.ttf; sourceTree = SOURCE_ROOT; };
		2A7B59FA1AC8035200304550 /* HouschkaAltLight.ttf */ = {isa = PBXFileReference; lastKnownFileType = file; name = HouschkaAltLight.ttf; path = RamenCompass/HouschkaAltLight.ttf; sourceTree = SOURCE_ROOT; };
		2A7B59FB1AC8035200304550 /* HouschkaAltMedium.ttf */ = {isa = PBXFileReference; lastKnownFileType = file; name = HouschkaAltMedium.ttf; path = RamenCompass/HouschkaAltMedium.ttf; sourceTree = SOURCE_ROOT; };
		2A7B59FC1AC8036A00304550 /* ApiKeys.plist */ = {isa = PBXFileReference; fileEncoding = 4; lastKnownFileType = text.plist.xml; name = ApiKeys.plist; path = RamenCompass/ApiKeys.plist; sourceTree = SOURCE_ROOT; };
		2A7B5A021AC8039800304550 /* ApiKeys.swift */ = {isa = PBXFileReference; fileEncoding = 4; lastKnownFileType = sourcecode.swift; name = ApiKeys.swift; path = RamenCompass/ApiKeys.swift; sourceTree = SOURCE_ROOT; };
		2A7B5A031AC8039800304550 /* AppDelegate.swift */ = {isa = PBXFileReference; fileEncoding = 4; lastKnownFileType = sourcecode.swift; name = AppDelegate.swift; path = RamenCompass/AppDelegate.swift; sourceTree = SOURCE_ROOT; };
		2A7B5A041AC8039800304550 /* CompassViewController.swift */ = {isa = PBXFileReference; fileEncoding = 4; lastKnownFileType = sourcecode.swift; name = CompassViewController.swift; path = RamenCompass/CompassViewController.swift; sourceTree = SOURCE_ROOT; };
		2A7B5A051AC8039800304550 /* Images.xcassets */ = {isa = PBXFileReference; lastKnownFileType = folder.assetcatalog; name = Images.xcassets; path = RamenCompass/Images.xcassets; sourceTree = SOURCE_ROOT; };
		2A7B5A061AC8039800304550 /* CompassMapViewController.swift */ = {isa = PBXFileReference; fileEncoding = 4; lastKnownFileType = sourcecode.swift; name = CompassMapViewController.swift; path = RamenCompass/CompassMapViewController.swift; sourceTree = SOURCE_ROOT; };
		2A7B5A071AC8039800304550 /* Ramen.swift */ = {isa = PBXFileReference; fileEncoding = 4; lastKnownFileType = sourcecode.swift; name = Ramen.swift; path = RamenCompass/Ramen.swift; sourceTree = SOURCE_ROOT; };
		2A7B5A081AC8039800304550 /* RamenAnnotation.swift */ = {isa = PBXFileReference; fileEncoding = 4; lastKnownFileType = sourcecode.swift; name = RamenAnnotation.swift; path = RamenCompass/RamenAnnotation.swift; sourceTree = SOURCE_ROOT; };
		2A7B5A151AC8041800304550 /* Base */ = {isa = PBXFileReference; lastKnownFileType = file.xib; name = Base; path = RamenCompass/Base.lproj/LaunchScreen.xib; sourceTree = SOURCE_ROOT; };
		2A7B5A171AC8041800304550 /* Base */ = {isa = PBXFileReference; lastKnownFileType = file.storyboard; name = Base; path = RamenCompass/Base.lproj/Main.storyboard; sourceTree = SOURCE_ROOT; };
		2A7B5A1A1AC804D900304550 /* Info.plist */ = {isa = PBXFileReference; fileEncoding = 4; lastKnownFileType = text.plist.xml; name = Info.plist; path = RamenCompass/Info.plist; sourceTree = SOURCE_ROOT; };
		2AAEAF8C1AD6BAF400267F26 /* Foursquare.swift */ = {isa = PBXFileReference; fileEncoding = 4; lastKnownFileType = sourcecode.swift; name = Foursquare.swift; path = RamenCompass/Foursquare.swift; sourceTree = SOURCE_ROOT; };
		2AB7CB141A95B8DE003EE308 /* RamenCompass.app */ = {isa = PBXFileReference; explicitFileType = wrapper.application; includeInIndex = 0; path = RamenCompass.app; sourceTree = BUILT_PRODUCTS_DIR; };
		2AB7CB291A95B8DE003EE308 /* RamenCompassTests.xctest */ = {isa = PBXFileReference; explicitFileType = wrapper.cfbundle; includeInIndex = 0; path = RamenCompassTests.xctest; sourceTree = BUILT_PRODUCTS_DIR; };
		2AB7CB2E1A95B8DE003EE308 /* Info.plist */ = {isa = PBXFileReference; lastKnownFileType = text.plist.xml; path = Info.plist; sourceTree = "<group>"; };
		2AB7CB2F1A95B8DE003EE308 /* Ramen_CompassTests.swift */ = {isa = PBXFileReference; lastKnownFileType = sourcecode.swift; path = Ramen_CompassTests.swift; sourceTree = "<group>"; };
		2ADB4F021B0903B3001213D4 /* MasterViewController.swift */ = {isa = PBXFileReference; fileEncoding = 4; lastKnownFileType = sourcecode.swift; name = MasterViewController.swift; path = RamenCompass/MasterViewController.swift; sourceTree = SOURCE_ROOT; };
		2ADB4F041B0927D6001213D4 /* DetailViewController.swift */ = {isa = PBXFileReference; fileEncoding = 4; lastKnownFileType = sourcecode.swift; name = DetailViewController.swift; path = RamenCompass/DetailViewController.swift; sourceTree = SOURCE_ROOT; };
		949DB00649033B896FD23DED /* Pods-RamenCompass.release.xcconfig */ = {isa = PBXFileReference; includeInIndex = 1; lastKnownFileType = text.xcconfig; name = "Pods-RamenCompass.release.xcconfig"; path = "Pods/Target Support Files/Pods-RamenCompass/Pods-RamenCompass.release.xcconfig"; sourceTree = "<group>"; };
		A48CB94BAA4D7C7A1B98509D /* Pods-RamenCompass.debug.xcconfig */ = {isa = PBXFileReference; includeInIndex = 1; lastKnownFileType = text.xcconfig; name = "Pods-RamenCompass.debug.xcconfig"; path = "Pods/Target Support Files/Pods-RamenCompass/Pods-RamenCompass.debug.xcconfig"; sourceTree = "<group>"; };
		F139DDC8491ACC806832F618 /* Pods_RamenCompass.framework */ = {isa = PBXFileReference; explicitFileType = wrapper.framework; includeInIndex = 0; path = Pods_RamenCompass.framework; sourceTree = BUILT_PRODUCTS_DIR; };
/* End PBXFileReference section */

/* Begin PBXFrameworksBuildPhase section */
		2AB7CB111A95B8DE003EE308 /* Frameworks */ = {
			isa = PBXFrameworksBuildPhase;
			buildActionMask = 2147483647;
			files = (
				2A11B2941A9981CD0048B6B4 /* libc++.dylib in Frameworks */,
				2A787BF11A95CA4A0069C0B1 /* CoreLocation.framework in Frameworks */,
				2A787BEF1A95CA420069C0B1 /* MapKit.framework in Frameworks */,
				ED91AFB0A033F8EDEFFA4DA2 /* Pods_RamenCompass.framework in Frameworks */,
				DC7B7EB4753ED08B36003133 /* Pods.framework in Frameworks */,
			);
			runOnlyForDeploymentPostprocessing = 0;
		};
		2AB7CB261A95B8DE003EE308 /* Frameworks */ = {
			isa = PBXFrameworksBuildPhase;
			buildActionMask = 2147483647;
			files = (
			);
			runOnlyForDeploymentPostprocessing = 0;
		};
/* End PBXFrameworksBuildPhase section */

/* Begin PBXGroup section */
		2A787BF21A95E67B0069C0B1 /* Frameworks */ = {
			isa = PBXGroup;
			children = (
				2A11B2931A9981CD0048B6B4 /* libc++.dylib */,
				2A787BF01A95CA4A0069C0B1 /* CoreLocation.framework */,
				2A787BEE1A95CA420069C0B1 /* MapKit.framework */,
				F139DDC8491ACC806832F618 /* Pods_RamenCompass.framework */,
				10FE1E7B5DCEA4B2BB116B6F /* Pods.framework */,
			);
			name = Frameworks;
			sourceTree = "<group>";
		};
		2AB7CB0B1A95B8DE003EE308 = {
			isa = PBXGroup;
			children = (
				2AB7CB161A95B8DE003EE308 /* Ramen Compass */,
				2AB7CB2C1A95B8DE003EE308 /* Ramen CompassTests */,
				2AB7CB151A95B8DE003EE308 /* Products */,
				2A787BF21A95E67B0069C0B1 /* Frameworks */,
				BFD3D0354F3BC5777420829D /* Pods */,
			);
			sourceTree = "<group>";
		};
		2AB7CB151A95B8DE003EE308 /* Products */ = {
			isa = PBXGroup;
			children = (
				2AB7CB141A95B8DE003EE308 /* RamenCompass.app */,
				2AB7CB291A95B8DE003EE308 /* RamenCompassTests.xctest */,
			);
			name = Products;
			sourceTree = "<group>";
		};
		2AB7CB161A95B8DE003EE308 /* Ramen Compass */ = {
			isa = PBXGroup;
			children = (
				2A7B5A141AC8041800304550 /* LaunchScreen.xib */,
				2A7B5A161AC8041800304550 /* Main.storyboard */,
				2A7B5A021AC8039800304550 /* ApiKeys.swift */,
				2A7B5A031AC8039800304550 /* AppDelegate.swift */,
				2ADB4F021B0903B3001213D4 /* MasterViewController.swift */,
				2A7B5A061AC8039800304550 /* CompassMapViewController.swift */,
				2A7B5A041AC8039800304550 /* CompassViewController.swift */,
				2ADB4F041B0927D6001213D4 /* DetailViewController.swift */,
				2AAEAF8C1AD6BAF400267F26 /* Foursquare.swift */,
				2A70FFE31AD529900032103B /* PopButton.swift */,
				2A7B5A071AC8039800304550 /* Ramen.swift */,
				2A7B5A081AC8039800304550 /* RamenAnnotation.swift */,
				2A015ED31AD10F4600C0DFA4 /* ramcom.realm */,
				2A5748EE1ACFFBD9003C66EC /* RamenCompass-Bridging-Header.h */,
				2A015ED51AD22E9400C0DFA4 /* NSString+Japanese.h */,
				2A015ED61AD22E9400C0DFA4 /* NSString+Japanese.m */,
				2A7B5A051AC8039800304550 /* Images.xcassets */,
				2AB90D5C1A961B75005B51EC /* Fonts */,
				2AB7CB171A95B8DE003EE308 /* Supporting Files */,
			);
			path = "Ramen Compass";
			sourceTree = "<group>";
		};
		2AB7CB171A95B8DE003EE308 /* Supporting Files */ = {
			isa = PBXGroup;
			children = (
				2A7B5A1A1AC804D900304550 /* Info.plist */,
				2A7B59FC1AC8036A00304550 /* ApiKeys.plist */,
			);
			name = "Supporting Files";
			sourceTree = "<group>";
		};
		2AB7CB2C1A95B8DE003EE308 /* Ramen CompassTests */ = {
			isa = PBXGroup;
			children = (
				2AB7CB2F1A95B8DE003EE308 /* Ramen_CompassTests.swift */,
				2AB7CB2D1A95B8DE003EE308 /* Supporting Files */,
			);
			path = "Ramen CompassTests";
			sourceTree = "<group>";
		};
		2AB7CB2D1A95B8DE003EE308 /* Supporting Files */ = {
			isa = PBXGroup;
			children = (
				2AB7CB2E1A95B8DE003EE308 /* Info.plist */,
			);
			name = "Supporting Files";
			sourceTree = "<group>";
		};
		2AB90D5C1A961B75005B51EC /* Fonts */ = {
			isa = PBXGroup;
			children = (
				2A7B59F91AC8035200304550 /* HouschkaAltHeavy.ttf */,
				2A7B59FA1AC8035200304550 /* HouschkaAltLight.ttf */,
				2A7B59FB1AC8035200304550 /* HouschkaAltMedium.ttf */,
			);
			name = Fonts;
			sourceTree = "<group>";
		};
		BFD3D0354F3BC5777420829D /* Pods */ = {
			isa = PBXGroup;
			children = (
				A48CB94BAA4D7C7A1B98509D /* Pods-RamenCompass.debug.xcconfig */,
				949DB00649033B896FD23DED /* Pods-RamenCompass.release.xcconfig */,
			);
			name = Pods;
			sourceTree = "<group>";
		};
/* End PBXGroup section */

/* Begin PBXNativeTarget section */
		2AB7CB131A95B8DE003EE308 /* RamenCompass */ = {
			isa = PBXNativeTarget;
			buildConfigurationList = 2AB7CB331A95B8DE003EE308 /* Build configuration list for PBXNativeTarget "RamenCompass" */;
			buildPhases = (
				900C5BC4E98AC4EA8AAEDAFC /* Check Pods Manifest.lock */,
				2AB7CB101A95B8DE003EE308 /* Sources */,
				2AB7CB111A95B8DE003EE308 /* Frameworks */,
				2AB7CB121A95B8DE003EE308 /* Resources */,
				DB1757789D0BBFA3662058EA /* Copy Pods Resources */,
				3CFE189C3FF6C7FE745A5587 /* Embed Pods Frameworks */,
			);
			buildRules = (
			);
			dependencies = (
			);
			name = RamenCompass;
			productName = "Ramen Compass";
			productReference = 2AB7CB141A95B8DE003EE308 /* RamenCompass.app */;
			productType = "com.apple.product-type.application";
		};
		2AB7CB281A95B8DE003EE308 /* RamenCompassTests */ = {
			isa = PBXNativeTarget;
			buildConfigurationList = 2AB7CB361A95B8DE003EE308 /* Build configuration list for PBXNativeTarget "RamenCompassTests" */;
			buildPhases = (
				2AB7CB251A95B8DE003EE308 /* Sources */,
				2AB7CB261A95B8DE003EE308 /* Frameworks */,
				2AB7CB271A95B8DE003EE308 /* Resources */,
			);
			buildRules = (
			);
			dependencies = (
				2AB7CB2B1A95B8DE003EE308 /* PBXTargetDependency */,
			);
			name = RamenCompassTests;
			productName = "Ramen CompassTests";
			productReference = 2AB7CB291A95B8DE003EE308 /* RamenCompassTests.xctest */;
			productType = "com.apple.product-type.bundle.unit-test";
		};
/* End PBXNativeTarget section */

/* Begin PBXProject section */
		2AB7CB0C1A95B8DE003EE308 /* Project object */ = {
			isa = PBXProject;
			attributes = {
				LastUpgradeCheck = 0620;
				ORGANIZATIONNAME = Tumbleweed;
				TargetAttributes = {
					2AB7CB131A95B8DE003EE308 = {
						CreatedOnToolsVersion = 6.1.1;
						DevelopmentTeam = QM74ZBYPJX;
					};
					2AB7CB281A95B8DE003EE308 = {
						CreatedOnToolsVersion = 6.1.1;
						TestTargetID = 2AB7CB131A95B8DE003EE308;
					};
				};
			};
			buildConfigurationList = 2AB7CB0F1A95B8DE003EE308 /* Build configuration list for PBXProject "RamenCompass" */;
			compatibilityVersion = "Xcode 3.2";
			developmentRegion = English;
			hasScannedForEncodings = 0;
			knownRegions = (
				en,
				Base,
			);
			mainGroup = 2AB7CB0B1A95B8DE003EE308;
			productRefGroup = 2AB7CB151A95B8DE003EE308 /* Products */;
			projectDirPath = "";
			projectRoot = "";
			targets = (
				2AB7CB131A95B8DE003EE308 /* RamenCompass */,
				2AB7CB281A95B8DE003EE308 /* RamenCompassTests */,
			);
		};
/* End PBXProject section */

/* Begin PBXResourcesBuildPhase section */
		2AB7CB121A95B8DE003EE308 /* Resources */ = {
			isa = PBXResourcesBuildPhase;
			buildActionMask = 2147483647;
			files = (
				2A7B5A181AC8041800304550 /* LaunchScreen.xib in Resources */,
				2A7B5A191AC8041800304550 /* Main.storyboard in Resources */,
				2A015ED41AD10F4600C0DFA4 /* ramcom.realm in Resources */,
				2AF75DB61AC857630063DF90 /* HouschkaAltHeavy.ttf in Resources */,
				2A7B5A0E1AC8039800304550 /* Images.xcassets in Resources */,
				2AF75DB51AC8575F0063DF90 /* HouschkaAltLight.ttf in Resources */,
				2A7B59FE1AC8036A00304550 /* ApiKeys.plist in Resources */,
				2AF75DB41AC8575A0063DF90 /* HouschkaAltMedium.ttf in Resources */,
			);
			runOnlyForDeploymentPostprocessing = 0;
		};
		2AB7CB271A95B8DE003EE308 /* Resources */ = {
			isa = PBXResourcesBuildPhase;
			buildActionMask = 2147483647;
			files = (
			);
			runOnlyForDeploymentPostprocessing = 0;
		};
/* End PBXResourcesBuildPhase section */

/* Begin PBXShellScriptBuildPhase section */
		3CFE189C3FF6C7FE745A5587 /* Embed Pods Frameworks */ = {
			isa = PBXShellScriptBuildPhase;
			buildActionMask = 2147483647;
			files = (
			);
			inputPaths = (
			);
			name = "Embed Pods Frameworks";
			outputPaths = (
			);
			runOnlyForDeploymentPostprocessing = 0;
			shellPath = /bin/sh;
			shellScript = "\"${SRCROOT}/Pods/Target Support Files/Pods/Pods-frameworks.sh\"\n";
			showEnvVarsInLog = 0;
		};
		900C5BC4E98AC4EA8AAEDAFC /* Check Pods Manifest.lock */ = {
			isa = PBXShellScriptBuildPhase;
			buildActionMask = 2147483647;
			files = (
			);
			inputPaths = (
			);
			name = "Check Pods Manifest.lock";
			outputPaths = (
			);
			runOnlyForDeploymentPostprocessing = 0;
			shellPath = /bin/sh;
			shellScript = "diff \"${PODS_ROOT}/../Podfile.lock\" \"${PODS_ROOT}/Manifest.lock\" > /dev/null\nif [[ $? != 0 ]] ; then\n    cat << EOM\nerror: The sandbox is not in sync with the Podfile.lock. Run 'pod install' or update your CocoaPods installation.\nEOM\n    exit 1\nfi\n";
			showEnvVarsInLog = 0;
		};
		DB1757789D0BBFA3662058EA /* Copy Pods Resources */ = {
			isa = PBXShellScriptBuildPhase;
			buildActionMask = 2147483647;
			files = (
			);
			inputPaths = (
			);
			name = "Copy Pods Resources";
			outputPaths = (
			);
			runOnlyForDeploymentPostprocessing = 0;
			shellPath = /bin/sh;
			shellScript = "\"${SRCROOT}/Pods/Target Support Files/Pods-RamenCompass/Pods-RamenCompass-resources.sh\"\n";
			showEnvVarsInLog = 0;
		};
/* End PBXShellScriptBuildPhase section */

/* Begin PBXSourcesBuildPhase section */
		2AB7CB101A95B8DE003EE308 /* Sources */ = {
			isa = PBXSourcesBuildPhase;
			buildActionMask = 2147483647;
			files = (
				2ADB4F051B0927D6001213D4 /* DetailViewController.swift in Sources */,
				2ADB4F031B0903B3001213D4 /* MasterViewController.swift in Sources */,
				2A7B5A0B1AC8039800304550 /* ApiKeys.swift in Sources */,
				2A7B5A0D1AC8039800304550 /* CompassViewController.swift in Sources */,
				2AAEAF8D1AD6BAF400267F26 /* Foursquare.swift in Sources */,
				2A015ED71AD22E9400C0DFA4 /* NSString+Japanese.m in Sources */,
				2A7B5A111AC8039800304550 /* RamenAnnotation.swift in Sources */,
				2A7B5A0F1AC8039800304550 /* CompassMapViewController.swift in Sources */,
				2A70FFE41AD529900032103B /* PopButton.swift in Sources */,
				2A7B5A101AC8039800304550 /* Ramen.swift in Sources */,
				2A7B5A0C1AC8039800304550 /* AppDelegate.swift in Sources */,
			);
			runOnlyForDeploymentPostprocessing = 0;
		};
		2AB7CB251A95B8DE003EE308 /* Sources */ = {
			isa = PBXSourcesBuildPhase;
			buildActionMask = 2147483647;
			files = (
			);
			runOnlyForDeploymentPostprocessing = 0;
		};
/* End PBXSourcesBuildPhase section */

/* Begin PBXTargetDependency section */
		2AB7CB2B1A95B8DE003EE308 /* PBXTargetDependency */ = {
			isa = PBXTargetDependency;
			target = 2AB7CB131A95B8DE003EE308 /* RamenCompass */;
			targetProxy = 2AB7CB2A1A95B8DE003EE308 /* PBXContainerItemProxy */;
		};
/* End PBXTargetDependency section */

/* Begin PBXVariantGroup section */
		2A7B5A141AC8041800304550 /* LaunchScreen.xib */ = {
			isa = PBXVariantGroup;
			children = (
				2A7B5A151AC8041800304550 /* Base */,
			);
			name = LaunchScreen.xib;
			sourceTree = "<group>";
		};
		2A7B5A161AC8041800304550 /* Main.storyboard */ = {
			isa = PBXVariantGroup;
			children = (
				2A7B5A171AC8041800304550 /* Base */,
			);
			name = Main.storyboard;
			sourceTree = "<group>";
		};
/* End PBXVariantGroup section */

/* Begin XCBuildConfiguration section */
		2AB7CB311A95B8DE003EE308 /* Debug */ = {
			isa = XCBuildConfiguration;
			buildSettings = {
				ALWAYS_SEARCH_USER_PATHS = NO;
				CLANG_CXX_LANGUAGE_STANDARD = "gnu++0x";
				CLANG_CXX_LIBRARY = "libc++";
				CLANG_ENABLE_MODULES = YES;
				CLANG_ENABLE_OBJC_ARC = YES;
				CLANG_WARN_BOOL_CONVERSION = YES;
				CLANG_WARN_CONSTANT_CONVERSION = YES;
				CLANG_WARN_DIRECT_OBJC_ISA_USAGE = YES_ERROR;
				CLANG_WARN_EMPTY_BODY = YES;
				CLANG_WARN_ENUM_CONVERSION = YES;
				CLANG_WARN_INT_CONVERSION = YES;
				CLANG_WARN_OBJC_ROOT_CLASS = YES_ERROR;
				CLANG_WARN_UNREACHABLE_CODE = YES;
				CLANG_WARN__DUPLICATE_METHOD_MATCH = YES;
				"CODE_SIGN_IDENTITY[sdk=iphoneos*]" = "iPhone Developer";
				COPY_PHASE_STRIP = NO;
				ENABLE_STRICT_OBJC_MSGSEND = YES;
				GCC_C_LANGUAGE_STANDARD = gnu99;
				GCC_DYNAMIC_NO_PIC = NO;
				GCC_OPTIMIZATION_LEVEL = 0;
				GCC_PREPROCESSOR_DEFINITIONS = (
					"DEBUG=1",
					"$(inherited)",
				);
				GCC_SYMBOLS_PRIVATE_EXTERN = NO;
				GCC_WARN_64_TO_32_BIT_CONVERSION = YES;
				GCC_WARN_ABOUT_RETURN_TYPE = YES_ERROR;
				GCC_WARN_UNDECLARED_SELECTOR = YES;
				GCC_WARN_UNINITIALIZED_AUTOS = YES_AGGRESSIVE;
				GCC_WARN_UNUSED_FUNCTION = YES;
				GCC_WARN_UNUSED_VARIABLE = YES;
				IPHONEOS_DEPLOYMENT_TARGET = 8.1;
				MTL_ENABLE_DEBUG_INFO = YES;
				ONLY_ACTIVE_ARCH = YES;
				SDKROOT = iphoneos;
				SWIFT_OPTIMIZATION_LEVEL = "-Onone";
			};
			name = Debug;
		};
		2AB7CB321A95B8DE003EE308 /* Release */ = {
			isa = XCBuildConfiguration;
			buildSettings = {
				ALWAYS_SEARCH_USER_PATHS = NO;
				CLANG_CXX_LANGUAGE_STANDARD = "gnu++0x";
				CLANG_CXX_LIBRARY = "libc++";
				CLANG_ENABLE_MODULES = YES;
				CLANG_ENABLE_OBJC_ARC = YES;
				CLANG_WARN_BOOL_CONVERSION = YES;
				CLANG_WARN_CONSTANT_CONVERSION = YES;
				CLANG_WARN_DIRECT_OBJC_ISA_USAGE = YES_ERROR;
				CLANG_WARN_EMPTY_BODY = YES;
				CLANG_WARN_ENUM_CONVERSION = YES;
				CLANG_WARN_INT_CONVERSION = YES;
				CLANG_WARN_OBJC_ROOT_CLASS = YES_ERROR;
				CLANG_WARN_UNREACHABLE_CODE = YES;
				CLANG_WARN__DUPLICATE_METHOD_MATCH = YES;
				"CODE_SIGN_IDENTITY[sdk=iphoneos*]" = "iPhone Developer";
				COPY_PHASE_STRIP = YES;
				ENABLE_NS_ASSERTIONS = NO;
				ENABLE_STRICT_OBJC_MSGSEND = YES;
				GCC_C_LANGUAGE_STANDARD = gnu99;
				GCC_WARN_64_TO_32_BIT_CONVERSION = YES;
				GCC_WARN_ABOUT_RETURN_TYPE = YES_ERROR;
				GCC_WARN_UNDECLARED_SELECTOR = YES;
				GCC_WARN_UNINITIALIZED_AUTOS = YES_AGGRESSIVE;
				GCC_WARN_UNUSED_FUNCTION = YES;
				GCC_WARN_UNUSED_VARIABLE = YES;
				IPHONEOS_DEPLOYMENT_TARGET = 8.1;
				MTL_ENABLE_DEBUG_INFO = NO;
				SDKROOT = iphoneos;
				VALIDATE_PRODUCT = YES;
			};
			name = Release;
		};
		2AB7CB341A95B8DE003EE308 /* Debug */ = {
			isa = XCBuildConfiguration;
			baseConfigurationReference = A48CB94BAA4D7C7A1B98509D /* Pods-RamenCompass.debug.xcconfig */;
			buildSettings = {
				ASSETCATALOG_COMPILER_APPICON_NAME = AppIcon;
				CLANG_ENABLE_MODULES = YES;
				CODE_SIGN_IDENTITY = "iPhone Developer";
				"CODE_SIGN_IDENTITY[sdk=iphoneos*]" = "iPhone Developer";
				FRAMEWORK_SEARCH_PATHS = (
					"$(inherited)",
					"$(PROJECT_DIR)",
					"$(PROJECT_DIR)/RamenCompass",
				);
				INFOPLIST_FILE = "$(SRCROOT)/RamenCompass/Info.plist";
				LD_RUNPATH_SEARCH_PATHS = "$(inherited) @executable_path/Frameworks";
				PRODUCT_NAME = RamenCompass;
				PROVISIONING_PROFILE = "";
				SWIFT_OBJC_BRIDGING_HEADER = "RamenCompass/RamenCompass-Bridging-Header.h";
				SWIFT_OPTIMIZATION_LEVEL = "-Onone";
			};
			name = Debug;
		};
		2AB7CB351A95B8DE003EE308 /* Release */ = {
			isa = XCBuildConfiguration;
			baseConfigurationReference = 949DB00649033B896FD23DED /* Pods-RamenCompass.release.xcconfig */;
			buildSettings = {
				ASSETCATALOG_COMPILER_APPICON_NAME = AppIcon;
				CLANG_ENABLE_MODULES = YES;
				CODE_SIGN_IDENTITY = "iPhone Developer";
				"CODE_SIGN_IDENTITY[sdk=iphoneos*]" = "iPhone Developer";
				FRAMEWORK_SEARCH_PATHS = (
					"$(inherited)",
					"$(PROJECT_DIR)",
					"$(PROJECT_DIR)/RamenCompass",
				);
				INFOPLIST_FILE = "$(SRCROOT)/RamenCompass/Info.plist";
				LD_RUNPATH_SEARCH_PATHS = "$(inherited) @executable_path/Frameworks";
				PRODUCT_NAME = RamenCompass;
				PROVISIONING_PROFILE = "";
				SWIFT_OBJC_BRIDGING_HEADER = "RamenCompass/RamenCompass-Bridging-Header.h";
			};
			name = Release;
		};
		2AB7CB371A95B8DE003EE308 /* Debug */ = {
			isa = XCBuildConfiguration;
			buildSettings = {
				BUNDLE_LOADER = "$(TEST_HOST)";
				FRAMEWORK_SEARCH_PATHS = (
					"$(SDKROOT)/Developer/Library/Frameworks",
					"$(inherited)",
				);
				GCC_PREPROCESSOR_DEFINITIONS = (
					"DEBUG=1",
					"$(inherited)",
				);
				INFOPLIST_FILE = RamenCompassTests/Info.plist;
				LD_RUNPATH_SEARCH_PATHS = "$(inherited) @executable_path/Frameworks @loader_path/Frameworks";
				PRODUCT_NAME = RamenCompassTests;
				TEST_HOST = "$(BUILT_PRODUCTS_DIR)/Ramen Compass.app/Ramen Compass";
			};
			name = Debug;
		};
		2AB7CB381A95B8DE003EE308 /* Release */ = {
			isa = XCBuildConfiguration;
			buildSettings = {
				BUNDLE_LOADER = "$(TEST_HOST)";
				FRAMEWORK_SEARCH_PATHS = (
					"$(SDKROOT)/Developer/Library/Frameworks",
					"$(inherited)",
				);
				INFOPLIST_FILE = RamenCompassTests/Info.plist;
				LD_RUNPATH_SEARCH_PATHS = "$(inherited) @executable_path/Frameworks @loader_path/Frameworks";
				PRODUCT_NAME = RamenCompassTests;
				TEST_HOST = "$(BUILT_PRODUCTS_DIR)/Ramen Compass.app/Ramen Compass";
			};
			name = Release;
		};
/* End XCBuildConfiguration section */

/* Begin XCConfigurationList section */
		2AB7CB0F1A95B8DE003EE308 /* Build configuration list for PBXProject "RamenCompass" */ = {
			isa = XCConfigurationList;
			buildConfigurations = (
				2AB7CB311A95B8DE003EE308 /* Debug */,
				2AB7CB321A95B8DE003EE308 /* Release */,
			);
			defaultConfigurationIsVisible = 0;
			defaultConfigurationName = Release;
		};
		2AB7CB331A95B8DE003EE308 /* Build configuration list for PBXNativeTarget "RamenCompass" */ = {
			isa = XCConfigurationList;
			buildConfigurations = (
				2AB7CB341A95B8DE003EE308 /* Debug */,
				2AB7CB351A95B8DE003EE308 /* Release */,
			);
			defaultConfigurationIsVisible = 0;
			defaultConfigurationName = Release;
		};
		2AB7CB361A95B8DE003EE308 /* Build configuration list for PBXNativeTarget "RamenCompassTests" */ = {
			isa = XCConfigurationList;
			buildConfigurations = (
				2AB7CB371A95B8DE003EE308 /* Debug */,
				2AB7CB381A95B8DE003EE308 /* Release */,
			);
			defaultConfigurationIsVisible = 0;
			defaultConfigurationName = Release;
		};
/* End XCConfigurationList section */
	};
	rootObject = 2AB7CB0C1A95B8DE003EE308 /* Project object */;
}
